
Microsoft Visual Studio Solution File, Format Version 12.00
# Visual Studio Version 17
VisualStudioVersion = 17.5.33530.505
MinimumVisualStudioVersion = 10.0.40219.1
Project("{FAE04EC0-301F-11D3-BF4B-00C04F79EFBC}") = "PharmacyAIS", "PharmacyAIS.csproj", "{04A719C3-AB60-4493-A2CC-66D7DEEF28B5}"
EndProject
Global
	GlobalSection(SolutionConfigurationPlatforms) = preSolution
		Debug|Any CPU = Debug|Any CPU
		Release|Any CPU = Release|Any CPU
	EndGlobalSection
	GlobalSection(ProjectConfigurationPlatforms) = postSolution
		{04A719C3-AB60-4493-A2CC-66D7DEEF28B5}.Debug|Any CPU.ActiveCfg = Debug|Any CPU
		{04A719C3-AB60-4493-A2CC-66D7DEEF28B5}.Debug|Any CPU.Build.0 = Debug|Any CPU
		{04A719C3-AB60-4493-A2CC-66D7DEEF28B5}.Release|Any CPU.ActiveCfg = Release|Any CPU
		{04A719C3-AB60-4493-A2CC-66D7DEEF28B5}.Release|Any CPU.Build.0 = Release|Any CPU
	EndGlobalSection
	GlobalSection(SolutionProperties) = preSolution
		HideSolutionNode = FALSE
	EndGlobalSection
	GlobalSection(ExtensibilityGlobals) = postSolution
		SolutionGuid = {16E9820F-D601-48A2-8FC5-15B5E394B8BF}
	EndGlobalSection
EndGlobal
